
Microsoft Visual Studio Solution File, Format Version 12.00
Project("{FAE04EC0-301F-11D3-BF4B-00C04F79EFBC}") = "WebApplication2", "WebApplication2\WebApplication2.csproj", "{EA9C6B68-E146-4D2F-9078-15B9B714995D}"
EndProject
Global
	GlobalSection(SolutionConfigurationPlatforms) = preSolution
		Debug|Any CPU = Debug|Any CPU
		Release|Any CPU = Release|Any CPU
	EndGlobalSection
	GlobalSection(ProjectConfigurationPlatforms) = postSolution
		{EA9C6B68-E146-4D2F-9078-15B9B714995D}.Debug|Any CPU.ActiveCfg = Debug|Any CPU
		{EA9C6B68-E146-4D2F-9078-15B9B714995D}.Debug|Any CPU.Build.0 = Debug|Any CPU
		{EA9C6B68-E146-4D2F-9078-15B9B714995D}.Release|Any CPU.ActiveCfg = Release|Any CPU
		{EA9C6B68-E146-4D2F-9078-15B9B714995D}.Release|Any CPU.Build.0 = Release|Any CPU
	EndGlobalSection
EndGlobal
